
Microsoft Visual Studio Solution File, Format Version 12.00
# Visual Studio Version 17
VisualStudioVersion = 17.10.35013.160
MinimumVisualStudioVersion = 10.0.40219.1
Project("{FAE04EC0-301F-11D3-BF4B-00C04F79EFBC}") = "LibrarySystem", "LibrarySystem\LibrarySystem.csproj", "{073B25D8-0267-4E00-A9C1-F5DFB2B69440}"
EndProject
Global
	GlobalSection(SolutionConfigurationPlatforms) = preSolution
		Debug|Any CPU = Debug|Any CPU
		Release|Any CPU = Release|Any CPU
	EndGlobalSection
	GlobalSection(ProjectConfigurationPlatforms) = postSolution
		{073B25D8-0267-4E00-A9C1-F5DFB2B69440}.Debug|Any CPU.ActiveCfg = Debug|Any CPU
		{073B25D8-0267-4E00-A9C1-F5DFB2B69440}.Debug|Any CPU.Build.0 = Debug|Any CPU
		{073B25D8-0267-4E00-A9C1-F5DFB2B69440}.Release|Any CPU.ActiveCfg = Release|Any CPU
		{073B25D8-0267-4E00-A9C1-F5DFB2B69440}.Release|Any CPU.Build.0 = Release|Any CPU
	EndGlobalSection
	GlobalSection(SolutionProperties) = preSolution
		HideSolutionNode = FALSE
	EndGlobalSection
	GlobalSection(ExtensibilityGlobals) = postSolution
		SolutionGuid = {FD7E994E-9DA1-4691-A1FF-FE1447769A2D}
	EndGlobalSection
EndGlobal
